
Microsoft Visual Studio Solution File, Format Version 12.00
# Visual Studio Version 17
VisualStudioVersion = 17.10.35013.160
MinimumVisualStudioVersion = 10.0.40219.1
Project("{FAE04EC0-301F-11D3-BF4B-00C04F79EFBC}") = "GRPick", "GRPick\GRPick.csproj", "{4C45D0D2-3E55-4BA3-BB25-0076C3C1A05D}"
EndProject
Global
	GlobalSection(SolutionConfigurationPlatforms) = preSolution
		Debug|Any CPU = Debug|Any CPU
		Release|Any CPU = Release|Any CPU
	EndGlobalSection
	GlobalSection(ProjectConfigurationPlatforms) = postSolution
		{4C45D0D2-3E55-4BA3-BB25-0076C3C1A05D}.Debug|Any CPU.ActiveCfg = Debug|Any CPU
		{4C45D0D2-3E55-4BA3-BB25-0076C3C1A05D}.Debug|Any CPU.Build.0 = Debug|Any CPU
		{4C45D0D2-3E55-4BA3-BB25-0076C3C1A05D}.Release|Any CPU.ActiveCfg = Release|Any CPU
		{4C45D0D2-3E55-4BA3-BB25-0076C3C1A05D}.Release|Any CPU.Build.0 = Release|Any CPU
	EndGlobalSection
	GlobalSection(SolutionProperties) = preSolution
		HideSolutionNode = FALSE
	EndGlobalSection
	GlobalSection(ExtensibilityGlobals) = postSolution
		SolutionGuid = {32E1697C-049E-4E7F-AA28-F51235DE020B}
	EndGlobalSection
EndGlobal
